
Microsoft Visual Studio Solution File, Format Version 12.00
# Visual Studio Version 16
VisualStudioVersion = 16.0.31025.194
MinimumVisualStudioVersion = 10.0.40219.1
Project("{FAE04EC0-301F-11D3-BF4B-00C04F79EFBC}") = "Program 2", "Program 2\Program 2.csproj", "{03FE0CCC-F384-40E2-9539-FC5FA8AB7FAA}"
EndProject
Global
	GlobalSection(SolutionConfigurationPlatforms) = preSolution
		Debug|Any CPU = Debug|Any CPU
		Release|Any CPU = Release|Any CPU
	EndGlobalSection
	GlobalSection(ProjectConfigurationPlatforms) = postSolution
		{03FE0CCC-F384-40E2-9539-FC5FA8AB7FAA}.Debug|Any CPU.ActiveCfg = Debug|Any CPU
		{03FE0CCC-F384-40E2-9539-FC5FA8AB7FAA}.Debug|Any CPU.Build.0 = Debug|Any CPU
		{03FE0CCC-F384-40E2-9539-FC5FA8AB7FAA}.Release|Any CPU.ActiveCfg = Release|Any CPU
		{03FE0CCC-F384-40E2-9539-FC5FA8AB7FAA}.Release|Any CPU.Build.0 = Release|Any CPU
	EndGlobalSection
	GlobalSection(SolutionProperties) = preSolution
		HideSolutionNode = FALSE
	EndGlobalSection
	GlobalSection(ExtensibilityGlobals) = postSolution
		SolutionGuid = {6DA90D78-71EF-4E24-AB90-A3133A18C334}
	EndGlobalSection
EndGlobal
